uuid: f42781a5-1948-41d7-ac18-ed1b1e97231c
langcode: en
status: true
dependencies:
  module:
    - block
    - block_content
id: block_content.field_mt_bg_image_block
field_name: field_mt_bg_image_block
entity_type: block_content
type: entity_reference
settings:
  target_type: block
module: core
locked: false
cardinality: -1
translatable: true
indexes: {  }
persist_with_no_fields: false
custom_storage: false
